
Microsoft Visual Studio Solution File, Format Version 12.00
# Visual Studio 15
VisualStudioVersion = 15.0.28307.421
MinimumVisualStudioVersion = 10.0.40219.1
Project("{FAE04EC0-301F-11D3-BF4B-00C04F79EFBC}") = "CIBuildProcess", "CIBuildProcess\CIBuildProcess.csproj", "{F4CD017D-0DBF-4454-9967-A36580DAFB86}"
EndProject
Global
	GlobalSection(SolutionConfigurationPlatforms) = preSolution
		Debug|Any CPU = Debug|Any CPU
		Release|Any CPU = Release|Any CPU
	EndGlobalSection
	GlobalSection(ProjectConfigurationPlatforms) = postSolution
		{F4CD017D-0DBF-4454-9967-A36580DAFB86}.Debug|Any CPU.ActiveCfg = Debug|Any CPU
		{F4CD017D-0DBF-4454-9967-A36580DAFB86}.Debug|Any CPU.Build.0 = Debug|Any CPU
		{F4CD017D-0DBF-4454-9967-A36580DAFB86}.Release|Any CPU.ActiveCfg = Release|Any CPU
		{F4CD017D-0DBF-4454-9967-A36580DAFB86}.Release|Any CPU.Build.0 = Release|Any CPU
	EndGlobalSection
	GlobalSection(SolutionProperties) = preSolution
		HideSolutionNode = FALSE
	EndGlobalSection
	GlobalSection(ExtensibilityGlobals) = postSolution
		SolutionGuid = {BF30BFCC-D24B-4DC4-B9CD-69F086657756}
	EndGlobalSection
EndGlobal
